// !$*UTF8*$!
{
	archiveVersion = 1;
	classes = {
	};
	objectVersion = 46;
	objects = {

/* Begin PBXBuildFile section */
		03D4E60C13EDDFB1007A9B0E /* UIKit.framework in Frameworks */ = {isa = PBXBuildFile; fileRef = 03D4E60B13EDDFB1007A9B0E /* UIKit.framework */; };
		03D4E60E13EDDFB1007A9B0E /* Foundation.framework in Frameworks */ = {isa = PBXBuildFile; fileRef = 03D4E60D13EDDFB1007A9B0E /* Foundation.framework */; };
		03D4E61013EDDFB1007A9B0E /* CoreGraphics.framework in Frameworks */ = {isa = PBXBuildFile; fileRef = 03D4E60F13EDDFB1007A9B0E /* CoreGraphics.framework */; };
		03D4E61613EDDFB1007A9B0E /* InfoPlist.strings in Resources */ = {isa = PBXBuildFile; fileRef = 03D4E61413EDDFB1007A9B0E /* InfoPlist.strings */; };
		03D4E61813EDDFB1007A9B0E /* main.m in Sources */ = {isa = PBXBuildFile; fileRef = 03D4E61713EDDFB1007A9B0E /* main.m */; };
		03D4E61C13EDDFB1007A9B0E /* OpenGLES_Ch2_2AppDelegate.m in Sources */ = {isa = PBXBuildFile; fileRef = 03D4E61B13EDDFB1007A9B0E /* OpenGLES_Ch2_2AppDelegate.m */; };
		03D4E62513EDDFB1007A9B0E /* OpenGLES_Ch2_2ViewController.m in Sources */ = {isa = PBXBuildFile; fileRef = 03D4E62413EDDFB1007A9B0E /* OpenGLES_Ch2_2ViewController.m */; };
		03D4E63A13EDE068007A9B0E /* GLKit.framework in Frameworks */ = {isa = PBXBuildFile; fileRef = 03D4E63713EDE068007A9B0E /* GLKit.framework */; };
		03D4E63B13EDE068007A9B0E /* OpenGLES.framework in Frameworks */ = {isa = PBXBuildFile; fileRef = 03D4E63813EDE068007A9B0E /* OpenGLES.framework */; };
		03D4E63C13EDE068007A9B0E /* QuartzCore.framework in Frameworks */ = {isa = PBXBuildFile; fileRef = 03D4E63913EDE068007A9B0E /* QuartzCore.framework */; };
		78FC63F72663030400D81D9C /* v.glsl in Resources */ = {isa = PBXBuildFile; fileRef = 78FC63F62663030400D81D9C /* v.glsl */; };
		78FC63FA2663031500D81D9C /* f.glsl in Resources */ = {isa = PBXBuildFile; fileRef = 78FC63F92663031500D81D9C /* f.glsl */; };
		78FC63FE26630B9F00D81D9C /* HelloWorldViewController.m in Sources */ = {isa = PBXBuildFile; fileRef = 78FC63FD26630B9F00D81D9C /* HelloWorldViewController.m */; };
		78FC6405266310F800D81D9C /* Main.storyboard in Resources */ = {isa = PBXBuildFile; fileRef = 78FC6404266310F800D81D9C /* Main.storyboard */; };
		78FC6409266311E500D81D9C /* Launch Screen.storyboard in Resources */ = {isa = PBXBuildFile; fileRef = 78FC6408266311E500D81D9C /* Launch Screen.storyboard */; };
		78FC6410266314D000D81D9C /* TrangleViewController.m in Sources */ = {isa = PBXBuildFile; fileRef = 78FC640F266314D000D81D9C /* TrangleViewController.m */; };
		78FC641326631B9C00D81D9C /* GLKit.framework in Frameworks */ = {isa = PBXBuildFile; fileRef = 03D4E63713EDE068007A9B0E /* GLKit.framework */; };
		78FC64172663743200D81D9C /* Shader.m in Sources */ = {isa = PBXBuildFile; fileRef = 78FC64162663743200D81D9C /* Shader.m */; };
		78FC641B26637E7D00D81D9C /* TrangleSimpleViewController.m in Sources */ = {isa = PBXBuildFile; fileRef = 78FC641926637E7D00D81D9C /* TrangleSimpleViewController.m */; };
/* End PBXBuildFile section */

/* Begin PBXFileReference section */
		03D4E60713EDDFB1007A9B0E /* OpenGLES_Ch2_2.app */ = {isa = PBXFileReference; explicitFileType = wrapper.application; includeInIndex = 0; path = OpenGLES_Ch2_2.app; sourceTree = BUILT_PRODUCTS_DIR; };
		03D4E60B13EDDFB1007A9B0E /* UIKit.framework */ = {isa = PBXFileReference; lastKnownFileType = wrapper.framework; name = UIKit.framework; path = System/Library/Frameworks/UIKit.framework; sourceTree = SDKROOT; };
		03D4E60D13EDDFB1007A9B0E /* Foundation.framework */ = {isa = PBXFileReference; lastKnownFileType = wrapper.framework; name = Foundation.framework; path = System/Library/Frameworks/Foundation.framework; sourceTree = SDKROOT; };
		03D4E60F13EDDFB1007A9B0E /* CoreGraphics.framework */ = {isa = PBXFileReference; lastKnownFileType = wrapper.framework; name = CoreGraphics.framework; path = System/Library/Frameworks/CoreGraphics.framework; sourceTree = SDKROOT; };
		03D4E61313EDDFB1007A9B0E /* OpenGLES_Ch2_2-Info.plist */ = {isa = PBXFileReference; lastKnownFileType = text.plist.xml; path = "OpenGLES_Ch2_2-Info.plist"; sourceTree = "<group>"; };
		03D4E61513EDDFB1007A9B0E /* en */ = {isa = PBXFileReference; lastKnownFileType = text.plist.strings; name = en; path = en.lproj/InfoPlist.strings; sourceTree = "<group>"; };
		03D4E61713EDDFB1007A9B0E /* main.m */ = {isa = PBXFileReference; lastKnownFileType = sourcecode.c.objc; path = main.m; sourceTree = "<group>"; };
		03D4E61913EDDFB1007A9B0E /* OpenGLES_Ch2_2-Prefix.pch */ = {isa = PBXFileReference; lastKnownFileType = sourcecode.c.h; path = "OpenGLES_Ch2_2-Prefix.pch"; sourceTree = "<group>"; };
		03D4E61A13EDDFB1007A9B0E /* OpenGLES_Ch2_2AppDelegate.h */ = {isa = PBXFileReference; lastKnownFileType = sourcecode.c.h; path = OpenGLES_Ch2_2AppDelegate.h; sourceTree = "<group>"; };
		03D4E61B13EDDFB1007A9B0E /* OpenGLES_Ch2_2AppDelegate.m */ = {isa = PBXFileReference; lastKnownFileType = sourcecode.c.objc; path = OpenGLES_Ch2_2AppDelegate.m; sourceTree = "<group>"; };
		03D4E62313EDDFB1007A9B0E /* OpenGLES_Ch2_2ViewController.h */ = {isa = PBXFileReference; lastKnownFileType = sourcecode.c.h; path = OpenGLES_Ch2_2ViewController.h; sourceTree = "<group>"; };
		03D4E62413EDDFB1007A9B0E /* OpenGLES_Ch2_2ViewController.m */ = {isa = PBXFileReference; lastKnownFileType = sourcecode.c.objc; path = OpenGLES_Ch2_2ViewController.m; sourceTree = "<group>"; };
		03D4E63713EDE068007A9B0E /* GLKit.framework */ = {isa = PBXFileReference; lastKnownFileType = wrapper.framework; name = GLKit.framework; path = System/Library/Frameworks/GLKit.framework; sourceTree = SDKROOT; };
		03D4E63813EDE068007A9B0E /* OpenGLES.framework */ = {isa = PBXFileReference; lastKnownFileType = wrapper.framework; name = OpenGLES.framework; path = System/Library/Frameworks/OpenGLES.framework; sourceTree = SDKROOT; };
		03D4E63913EDE068007A9B0E /* QuartzCore.framework */ = {isa = PBXFileReference; lastKnownFileType = wrapper.framework; name = QuartzCore.framework; path = System/Library/Frameworks/QuartzCore.framework; sourceTree = SDKROOT; };
		78FC63F62663030400D81D9C /* v.glsl */ = {isa = PBXFileReference; lastKnownFileType = text; path = v.glsl; sourceTree = "<group>"; };
		78FC63F92663031500D81D9C /* f.glsl */ = {isa = PBXFileReference; lastKnownFileType = text; path = f.glsl; sourceTree = "<group>"; };
		78FC63FC26630B9F00D81D9C /* HelloWorldViewController.h */ = {isa = PBXFileReference; lastKnownFileType = sourcecode.c.h; path = HelloWorldViewController.h; sourceTree = "<group>"; };
		78FC63FD26630B9F00D81D9C /* HelloWorldViewController.m */ = {isa = PBXFileReference; lastKnownFileType = sourcecode.c.objc; path = HelloWorldViewController.m; sourceTree = "<group>"; };
		78FC6404266310F800D81D9C /* Main.storyboard */ = {isa = PBXFileReference; lastKnownFileType = file.storyboard; path = Main.storyboard; sourceTree = "<group>"; };
		78FC6408266311E500D81D9C /* Launch Screen.storyboard */ = {isa = PBXFileReference; lastKnownFileType = file.storyboard; path = "Launch Screen.storyboard"; sourceTree = "<group>"; };
		78FC640E266314D000D81D9C /* TrangleViewController.h */ = {isa = PBXFileReference; lastKnownFileType = sourcecode.c.h; path = TrangleViewController.h; sourceTree = "<group>"; };
		78FC640F266314D000D81D9C /* TrangleViewController.m */ = {isa = PBXFileReference; lastKnownFileType = sourcecode.c.objc; path = TrangleViewController.m; sourceTree = "<group>"; };
		78FC64152663743200D81D9C /* Shader.h */ = {isa = PBXFileReference; lastKnownFileType = sourcecode.c.h; path = Shader.h; sourceTree = "<group>"; };
		78FC64162663743200D81D9C /* Shader.m */ = {isa = PBXFileReference; lastKnownFileType = sourcecode.c.objc; path = Shader.m; sourceTree = "<group>"; };
		78FC641926637E7D00D81D9C /* TrangleSimpleViewController.m */ = {isa = PBXFileReference; fileEncoding = 4; lastKnownFileType = sourcecode.c.objc; path = TrangleSimpleViewController.m; sourceTree = "<group>"; };
		78FC641A26637E7D00D81D9C /* TrangleSimpleViewController.h */ = {isa = PBXFileReference; fileEncoding = 4; lastKnownFileType = sourcecode.c.h; path = TrangleSimpleViewController.h; sourceTree = "<group>"; };
/* End PBXFileReference section */

/* Begin PBXFrameworksBuildPhase section */
		03D4E60413EDDFB1007A9B0E /* Frameworks */ = {
			isa = PBXFrameworksBuildPhase;
			buildActionMask = 2147483647;
			files = (
				03D4E60C13EDDFB1007A9B0E /* UIKit.framework in Frameworks */,
				03D4E60E13EDDFB1007A9B0E /* Foundation.framework in Frameworks */,
				03D4E61013EDDFB1007A9B0E /* CoreGraphics.framework in Frameworks */,
				03D4E63A13EDE068007A9B0E /* GLKit.framework in Frameworks */,
				78FC641326631B9C00D81D9C /* GLKit.framework in Frameworks */,
				03D4E63B13EDE068007A9B0E /* OpenGLES.framework in Frameworks */,
				03D4E63C13EDE068007A9B0E /* QuartzCore.framework in Frameworks */,
			);
			runOnlyForDeploymentPostprocessing = 0;
		};
/* End PBXFrameworksBuildPhase section */

/* Begin PBXGroup section */
		03D4E5FC13EDDFB0007A9B0E = {
			isa = PBXGroup;
			children = (
				03D4E61113EDDFB1007A9B0E /* OpenGLES_Ch2_2 */,
				03D4E60A13EDDFB1007A9B0E /* Frameworks */,
				03D4E60813EDDFB1007A9B0E /* Products */,
			);
			sourceTree = "<group>";
		};
		03D4E60813EDDFB1007A9B0E /* Products */ = {
			isa = PBXGroup;
			children = (
				03D4E60713EDDFB1007A9B0E /* OpenGLES_Ch2_2.app */,
			);
			name = Products;
			sourceTree = "<group>";
		};
		03D4E60A13EDDFB1007A9B0E /* Frameworks */ = {
			isa = PBXGroup;
			children = (
				03D4E63713EDE068007A9B0E /* GLKit.framework */,
				03D4E63813EDE068007A9B0E /* OpenGLES.framework */,
				03D4E63913EDE068007A9B0E /* QuartzCore.framework */,
				03D4E60B13EDDFB1007A9B0E /* UIKit.framework */,
				03D4E60D13EDDFB1007A9B0E /* Foundation.framework */,
				03D4E60F13EDDFB1007A9B0E /* CoreGraphics.framework */,
			);
			name = Frameworks;
			sourceTree = "<group>";
		};
		03D4E61113EDDFB1007A9B0E /* OpenGLES_Ch2_2 */ = {
			isa = PBXGroup;
			children = (
				03D4E61A13EDDFB1007A9B0E /* OpenGLES_Ch2_2AppDelegate.h */,
				03D4E61B13EDDFB1007A9B0E /* OpenGLES_Ch2_2AppDelegate.m */,
				78FC63F62663030400D81D9C /* v.glsl */,
				78FC63F92663031500D81D9C /* f.glsl */,
				78FC6408266311E500D81D9C /* Launch Screen.storyboard */,
				78FC6404266310F800D81D9C /* Main.storyboard */,
				03D4E62313EDDFB1007A9B0E /* OpenGLES_Ch2_2ViewController.h */,
				03D4E62413EDDFB1007A9B0E /* OpenGLES_Ch2_2ViewController.m */,
				78FC64152663743200D81D9C /* Shader.h */,
				78FC64162663743200D81D9C /* Shader.m */,
				78FC63FC26630B9F00D81D9C /* HelloWorldViewController.h */,
				78FC63FD26630B9F00D81D9C /* HelloWorldViewController.m */,
				78FC641A26637E7D00D81D9C /* TrangleSimpleViewController.h */,
				78FC641926637E7D00D81D9C /* TrangleSimpleViewController.m */,
				78FC640E266314D000D81D9C /* TrangleViewController.h */,
				78FC640F266314D000D81D9C /* TrangleViewController.m */,
				03D4E61213EDDFB1007A9B0E /* Supporting Files */,
			);
			path = OpenGLES_Ch2_2;
			sourceTree = "<group>";
		};
		03D4E61213EDDFB1007A9B0E /* Supporting Files */ = {
			isa = PBXGroup;
			children = (
				03D4E61313EDDFB1007A9B0E /* OpenGLES_Ch2_2-Info.plist */,
				03D4E61413EDDFB1007A9B0E /* InfoPlist.strings */,
				03D4E61713EDDFB1007A9B0E /* main.m */,
				03D4E61913EDDFB1007A9B0E /* OpenGLES_Ch2_2-Prefix.pch */,
			);
			name = "Supporting Files";
			sourceTree = "<group>";
		};
/* End PBXGroup section */

/* Begin PBXNativeTarget section */
		03D4E60613EDDFB1007A9B0E /* OpenGLES_Ch2_2 */ = {
			isa = PBXNativeTarget;
			buildConfigurationList = 03D4E62813EDDFB1007A9B0E /* Build configuration list for PBXNativeTarget "OpenGLES_Ch2_2" */;
			buildPhases = (
				03D4E60313EDDFB1007A9B0E /* Sources */,
				03D4E60413EDDFB1007A9B0E /* Frameworks */,
				03D4E60513EDDFB1007A9B0E /* Resources */,
			);
			buildRules = (
			);
			dependencies = (
			);
			name = OpenGLES_Ch2_2;
			productName = OpenGLES_Ch2_2;
			productReference = 03D4E60713EDDFB1007A9B0E /* OpenGLES_Ch2_2.app */;
			productType = "com.apple.product-type.application";
		};
/* End PBXNativeTarget section */

/* Begin PBXProject section */
		03D4E5FE13EDDFB0007A9B0E /* Project object */ = {
			isa = PBXProject;
			attributes = {
				LastUpgradeCheck = 0450;
			};
			buildConfigurationList = 03D4E60113EDDFB0007A9B0E /* Build configuration list for PBXProject "OpenGLES_Ch2_2" */;
			compatibilityVersion = "Xcode 3.2";
			developmentRegion = English;
			hasScannedForEncodings = 0;
			knownRegions = (
				English,
				en,
			);
			mainGroup = 03D4E5FC13EDDFB0007A9B0E;
			productRefGroup = 03D4E60813EDDFB1007A9B0E /* Products */;
			projectDirPath = "";
			projectRoot = "";
			targets = (
				03D4E60613EDDFB1007A9B0E /* OpenGLES_Ch2_2 */,
			);
		};
/* End PBXProject section */

/* Begin PBXResourcesBuildPhase section */
		03D4E60513EDDFB1007A9B0E /* Resources */ = {
			isa = PBXResourcesBuildPhase;
			buildActionMask = 2147483647;
			files = (
				78FC63FA2663031500D81D9C /* f.glsl in Resources */,
				78FC63F72663030400D81D9C /* v.glsl in Resources */,
				03D4E61613EDDFB1007A9B0E /* InfoPlist.strings in Resources */,
				78FC6405266310F800D81D9C /* Main.storyboard in Resources */,
				78FC6409266311E500D81D9C /* Launch Screen.storyboard in Resources */,
			);
			runOnlyForDeploymentPostprocessing = 0;
		};
/* End PBXResourcesBuildPhase section */

/* Begin PBXSourcesBuildPhase section */
		03D4E60313EDDFB1007A9B0E /* Sources */ = {
			isa = PBXSourcesBuildPhase;
			buildActionMask = 2147483647;
			files = (
				78FC641B26637E7D00D81D9C /* TrangleSimpleViewController.m in Sources */,
				03D4E61813EDDFB1007A9B0E /* main.m in Sources */,
				03D4E61C13EDDFB1007A9B0E /* OpenGLES_Ch2_2AppDelegate.m in Sources */,
				78FC6410266314D000D81D9C /* TrangleViewController.m in Sources */,
				78FC63FE26630B9F00D81D9C /* HelloWorldViewController.m in Sources */,
				78FC64172663743200D81D9C /* Shader.m in Sources */,
				03D4E62513EDDFB1007A9B0E /* OpenGLES_Ch2_2ViewController.m in Sources */,
			);
			runOnlyForDeploymentPostprocessing = 0;
		};
/* End PBXSourcesBuildPhase section */

/* Begin PBXVariantGroup section */
		03D4E61413EDDFB1007A9B0E /* InfoPlist.strings */ = {
			isa = PBXVariantGroup;
			children = (
				03D4E61513EDDFB1007A9B0E /* en */,
			);
			name = InfoPlist.strings;
			sourceTree = "<group>";
		};
/* End PBXVariantGroup section */

/* Begin XCBuildConfiguration section */
		03D4E62613EDDFB1007A9B0E /* Debug */ = {
			isa = XCBuildConfiguration;
			buildSettings = {
				ALWAYS_SEARCH_USER_PATHS = NO;
				ARCHS = "$(ARCHS_STANDARD_32_BIT)";
				CLANG_ENABLE_OBJC_ARC = YES;
				"CODE_SIGN_IDENTITY[sdk=iphoneos*]" = "iPhone Developer";
				COPY_PHASE_STRIP = NO;
				GCC_C_LANGUAGE_STANDARD = gnu99;
				GCC_DYNAMIC_NO_PIC = NO;
				GCC_OPTIMIZATION_LEVEL = 0;
				GCC_PREPROCESSOR_DEFINITIONS = (
					"DEBUG=1",
					"$(inherited)",
				);
				GCC_SYMBOLS_PRIVATE_EXTERN = NO;
				GCC_VERSION = com.apple.compilers.llvm.clang.1_0;
				GCC_WARN_ABOUT_MISSING_PROTOTYPES = YES;
				GCC_WARN_ABOUT_RETURN_TYPE = YES;
				GCC_WARN_UNUSED_VARIABLE = YES;
				IPHONEOS_DEPLOYMENT_TARGET = 5.0;
				SDKROOT = iphoneos;
				TARGETED_DEVICE_FAMILY = "1,2";
			};
			name = Debug;
		};
		03D4E62713EDDFB1007A9B0E /* Release */ = {
			isa = XCBuildConfiguration;
			buildSettings = {
				ALWAYS_SEARCH_USER_PATHS = NO;
				ARCHS = "$(ARCHS_STANDARD_32_BIT)";
				CLANG_ENABLE_OBJC_ARC = YES;
				"CODE_SIGN_IDENTITY[sdk=iphoneos*]" = "iPhone Developer";
				COPY_PHASE_STRIP = YES;
				GCC_C_LANGUAGE_STANDARD = gnu99;
				GCC_VERSION = com.apple.compilers.llvm.clang.1_0;
				GCC_WARN_ABOUT_MISSING_PROTOTYPES = YES;
				GCC_WARN_ABOUT_RETURN_TYPE = YES;
				GCC_WARN_UNUSED_VARIABLE = YES;
				IPHONEOS_DEPLOYMENT_TARGET = 5.0;
				OTHER_CFLAGS = "-DNS_BLOCK_ASSERTIONS=1";
				SDKROOT = iphoneos;
				TARGETED_DEVICE_FAMILY = "1,2";
				VALIDATE_PRODUCT = YES;
			};
			name = Release;
		};
		03D4E62913EDDFB1007A9B0E /* Debug */ = {
			isa = XCBuildConfiguration;
			buildSettings = {
				ARCHS = "$(ARCHS_STANDARD)";
				EXCLUDED_ARCHS = "";
				GCC_PRECOMPILE_PREFIX_HEADER = YES;
				GCC_PREFIX_HEADER = "OpenGLES_Ch2_2/OpenGLES_Ch2_2-Prefix.pch";
				INFOPLIST_FILE = "OpenGLES_Ch2_2/OpenGLES_Ch2_2-Info.plist";
				IPHONEOS_DEPLOYMENT_TARGET = 11.0;
				PRODUCT_NAME = "$(TARGET_NAME)";
				TARGETED_DEVICE_FAMILY = 1;
				WRAPPER_EXTENSION = app;
			};
			name = Debug;
		};
		03D4E62A13EDDFB1007A9B0E /* Release */ = {
			isa = XCBuildConfiguration;
			buildSettings = {
				ARCHS = "$(ARCHS_STANDARD)";
				EXCLUDED_ARCHS = "";
				GCC_PRECOMPILE_PREFIX_HEADER = YES;
				GCC_PREFIX_HEADER = "OpenGLES_Ch2_2/OpenGLES_Ch2_2-Prefix.pch";
				INFOPLIST_FILE = "OpenGLES_Ch2_2/OpenGLES_Ch2_2-Info.plist";
				IPHONEOS_DEPLOYMENT_TARGET = 11.0;
				PRODUCT_NAME = "$(TARGET_NAME)";
				TARGETED_DEVICE_FAMILY = 1;
				WRAPPER_EXTENSION = app;
			};
			name = Release;
		};
/* End XCBuildConfiguration section */

/* Begin XCConfigurationList section */
		03D4E60113EDDFB0007A9B0E /* Build configuration list for PBXProject "OpenGLES_Ch2_2" */ = {
			isa = XCConfigurationList;
			buildConfigurations = (
				03D4E62613EDDFB1007A9B0E /* Debug */,
				03D4E62713EDDFB1007A9B0E /* Release */,
			);
			defaultConfigurationIsVisible = 0;
			defaultConfigurationName = Release;
		};
		03D4E62813EDDFB1007A9B0E /* Build configuration list for PBXNativeTarget "OpenGLES_Ch2_2" */ = {
			isa = XCConfigurationList;
			buildConfigurations = (
				03D4E62913EDDFB1007A9B0E /* Debug */,
				03D4E62A13EDDFB1007A9B0E /* Release */,
			);
			defaultConfigurationIsVisible = 0;
			defaultConfigurationName = Release;
		};
/* End XCConfigurationList section */
	};
	rootObject = 03D4E5FE13EDDFB0007A9B0E /* Project object */;
}
